PODS:
  - GoogleMaps (7.4.0):
    - GoogleMaps/Maps (= 7.4.0)
  - GoogleMaps/Base (7.4.0)
  - GoogleMaps/Maps (7.4.0):
    - GoogleMaps/Base
  - SVProgressHUD (2.2.5)

DEPENDENCIES:
  - GoogleMaps
  - SVProgressHUD

SPEC REPOS:
  trunk:
    - GoogleMaps
    - SVProgressHUD

SPEC CHECKSUMS:
  GoogleMaps: 032f676450ba0779bd8ce16840690915f84e57ac
  SVProgressHUD: 1428aafac632c1f86f62aa4243ec12008d7a51d6

PODFILE CHECKSUM: bc9512cfc1d18914e826889c413e9fd6ea6d3e71

COCOAPODS: 1.12.0
